{
  "name": "playwright-js-demo",
  "version": "1.0.0",
  "lockfileVersion": 2,
  "requires": true,
  "packages": {
    "": {
      "name": "playwright-js-demo",
      "version": "1.0.0",
      "license": "ISC",
      "devDependencies": {
        "@playwright/test": "1.22.2",
        "axe-playwright": "^1.1.11"
      }
    },
    "node_modules/@playwright/test": {
      "version": "1.22.2",
      "resolved": "https://registry.npmjs.org/@playwright/test/-/test-1.22.2.tgz",
      "integrity": "sha512-cCl96BEBGPtptFz7C2FOSN3PrTnJ3rPpENe+gYCMx4GNNDlN4tmo2D89y13feGKTMMAIVrXfSQ/UmaQKLy1XLA==",
      "dev": true,
      "dependencies": {
        "@types/node": "*",
        "playwright-core": "1.22.2"
      },
      "bin": {
        "playwright": "cli.js"
      },
      "engines": {
        "node": ">=14"
      }
    },
    "node_modules/@playwright/test/node_modules/playwright-core": {
      "version": "1.22.2",
      "resolved": "https://registry.npmjs.org/playwright-core/-/playwright-core-1.22.2.tgz",
      "integrity": "sha512-w/hc/Ld0RM4pmsNeE6aL/fPNWw8BWit2tg+TfqJ3+p59c6s3B6C8mXvXrIPmfQEobkcFDc+4KirNzOQ+uBSP1Q==",
      "dev": true,
      "bin": {
        "playwright": "cli.js"
      },
      "engines": {
        "node": ">=14"
      }
    },
    "node_modules/@types/node": {
      "version": "18.0.3",
      "resolved": "https://registry.npmjs.org/@types/node/-/node-18.0.3.tgz",
      "integrity": "sha512-HzNRZtp4eepNitP+BD6k2L6DROIDG4Q0fm4x+dwfsr6LGmROENnok75VGw40628xf+iR24WeMFcHuuBDUAzzsQ==",
      "dev": true
    },
    "node_modules/axe-core": {
      "version": "4.4.2",
      "resolved": "https://registry.npmjs.org/axe-core/-/axe-core-4.4.2.tgz",
      "integrity": "sha512-LVAaGp/wkkgYJcjmHsoKx4juT1aQvJyPcW09MLCjVTh3V2cc6PnyempiLMNH5iMdfIX/zdbjUx2KDjMLCTdPeA==",
      "dev": true,
      "engines": {
        "node": ">=12"
      }
    },
    "node_modules/axe-playwright": {
      "version": "1.1.11",
      "resolved": "https://registry.npmjs.org/axe-playwright/-/axe-playwright-1.1.11.tgz",
      "integrity": "sha512-YHmUouvF/dFNxoFFwbCjPFmEPwoJSzPgZsD0KZs3xjsR03Rf2mAh771ugre950MaBYuiyxYDlurH5BOEJBK34Q==",
      "dev": true,
      "dependencies": {
        "axe-core": "^4.0.1"
      },
      "peerDependencies": {
        "playwright-core": ">1.0.0"
      }
    },
    "node_modules/playwright-core": {
      "version": "1.23.2",
      "resolved": "https://registry.npmjs.org/playwright-core/-/playwright-core-1.23.2.tgz",
      "integrity": "sha512-UGbutIr0nBALDHWW/HcXfyK6ZdmefC99Moo4qyTr89VNIkYZuDrW8Sw554FyFUamcFSdKOgDPk6ECSkofGIZjQ==",
      "dev": true,
      "peer": true,
      "bin": {
        "playwright": "cli.js"
      },
      "engines": {
        "node": ">=14"
      }
    }
  },
  "dependencies": {
    "@playwright/test": {
      "version": "1.22.2",
      "resolved": "https://registry.npmjs.org/@playwright/test/-/test-1.22.2.tgz",
      "integrity": "sha512-cCl96BEBGPtptFz7C2FOSN3PrTnJ3rPpENe+gYCMx4GNNDlN4tmo2D89y13feGKTMMAIVrXfSQ/UmaQKLy1XLA==",
      "dev": true,
      "requires": {
        "@types/node": "*",
        "playwright-core": "1.22.2"
      },
      "dependencies": {
        "playwright-core": {
          "version": "1.22.2",
          "resolved": "https://registry.npmjs.org/playwright-core/-/playwright-core-1.22.2.tgz",
          "integrity": "sha512-w/hc/Ld0RM4pmsNeE6aL/fPNWw8BWit2tg+TfqJ3+p59c6s3B6C8mXvXrIPmfQEobkcFDc+4KirNzOQ+uBSP1Q==",
          "dev": true
        }
      }
    },
    "@types/node": {
      "version": "18.0.3",
      "resolved": "https://registry.npmjs.org/@types/node/-/node-18.0.3.tgz",
      "integrity": "sha512-HzNRZtp4eepNitP+BD6k2L6DROIDG4Q0fm4x+dwfsr6LGmROENnok75VGw40628xf+iR24WeMFcHuuBDUAzzsQ==",
      "dev": true
    },
    "axe-core": {
      "version": "4.4.2",
      "resolved": "https://registry.npmjs.org/axe-core/-/axe-core-4.4.2.tgz",
      "integrity": "sha512-LVAaGp/wkkgYJcjmHsoKx4juT1aQvJyPcW09MLCjVTh3V2cc6PnyempiLMNH5iMdfIX/zdbjUx2KDjMLCTdPeA==",
      "dev": true
    },
    "axe-playwright": {
      "version": "1.1.11",
      "resolved": "https://registry.npmjs.org/axe-playwright/-/axe-playwright-1.1.11.tgz",
      "integrity": "sha512-YHmUouvF/dFNxoFFwbCjPFmEPwoJSzPgZsD0KZs3xjsR03Rf2mAh771ugre950MaBYuiyxYDlurH5BOEJBK34Q==",
      "dev": true,
      "requires": {
        "axe-core": "^4.0.1"
      }
    },
    "playwright-core": {
      "version": "1.23.2",
      "resolved": "https://registry.npmjs.org/playwright-core/-/playwright-core-1.23.2.tgz",
      "integrity": "sha512-UGbutIr0nBALDHWW/HcXfyK6ZdmefC99Moo4qyTr89VNIkYZuDrW8Sw554FyFUamcFSdKOgDPk6ECSkofGIZjQ==",
      "dev": true,
      "peer": true
    }
  }
}
